
Microsoft Visual Studio Solution File, Format Version 11.00
# Visual Studio 2010
Project("{FAE04EC0-301F-11D3-BF4B-00C04F79EFBC}") = "Tessellation", "Assembly-CSharp.csproj", "{BC231370-7039-9617-CF57-14F338D5A7E7}"
EndProject
Project("{FAE04EC0-301F-11D3-BF4B-00C04F79EFBC}") = "Tessellation", "Assembly-CSharp-Editor.csproj", "{AA6213D5-C394-229A-0CB2-6C5BB3E91B5B}"
EndProject
Global
	GlobalSection(SolutionConfigurationPlatforms) = preSolution
		Debug|Any CPU = Debug|Any CPU
		Release|Any CPU = Release|Any CPU
	EndGlobalSection
	GlobalSection(ProjectConfigurationPlatforms) = postSolution
		{BC231370-7039-9617-CF57-14F338D5A7E7}.Debug|Any CPU.ActiveCfg = Debug|Any CPU
		{BC231370-7039-9617-CF57-14F338D5A7E7}.Debug|Any CPU.Build.0 = Debug|Any CPU
		{BC231370-7039-9617-CF57-14F338D5A7E7}.Release|Any CPU.ActiveCfg = Release|Any CPU
		{BC231370-7039-9617-CF57-14F338D5A7E7}.Release|Any CPU.Build.0 = Release|Any CPU
		{AA6213D5-C394-229A-0CB2-6C5BB3E91B5B}.Debug|Any CPU.ActiveCfg = Debug|Any CPU
		{AA6213D5-C394-229A-0CB2-6C5BB3E91B5B}.Debug|Any CPU.Build.0 = Debug|Any CPU
		{AA6213D5-C394-229A-0CB2-6C5BB3E91B5B}.Release|Any CPU.ActiveCfg = Release|Any CPU
		{AA6213D5-C394-229A-0CB2-6C5BB3E91B5B}.Release|Any CPU.Build.0 = Release|Any CPU
	EndGlobalSection
	GlobalSection(SolutionProperties) = preSolution
		HideSolutionNode = FALSE
	EndGlobalSection
	GlobalSection(MonoDevelopProperties) = preSolution
		StartupItem = Assembly-CSharp.csproj
	EndGlobalSection
EndGlobal
